PODS:
  - CocoaLumberjack (1.6.2)
  - GDRealtime (0.0.1):
    - GDRealtime/generated
    - Google-Diff-Match-Patch (~> 0.0.1)
  - GDRealtime/generated (0.0.1):
    - Google-Diff-Match-Patch (~> 0.0.1)
    - jre_emul
  - Google-Diff-Match-Patch (0.0.1)
  - jre_emul (0.7.2)

DEPENDENCIES:
  - CocoaLumberjack
  - GDRealtime (from `../../../../`)
  - jre_emul (from `https://github.com/goodow/j2objc.git`)

EXTERNAL SOURCES:
  GDRealtime:
    :local: ../../../../
  jre_emul:
    :git: https://github.com/goodow/j2objc.git

SPEC CHECKSUMS:
  CocoaLumberjack: d73e1e317ced14ab930797dda6c17156ff17aaa1
  GDRealtime: c034b2203c25b00db80acecf47d343bfb2909d98
  Google-Diff-Match-Patch: a4f62e11af850bea98689c8f24e382e47c46bf59
  jre_emul: 95f3ecb92cbbd59029105149386fdebfc0515a97

COCOAPODS: 0.18.1
