// !$*UTF8*$!
{
	archiveVersion = 1;
	classes = {
	};
	objectVersion = 46;
	objects = {

/* Begin PBXBuildFile section */
		055817FB9E054A578C8DE214 /* libPods-demo.a in Frameworks */ = {isa = PBXBuildFile; fileRef = 9EE324FAA28F4670B4B27AEC /* libPods-demo.a */; };
		0CA3B6C16AFA4502A56E2629 /* libPods.a in Frameworks */ = {isa = PBXBuildFile; fileRef = 31DD2DBBD4894B0A890BE47B /* libPods.a */; };
		8D8CA154172BC9B400652CC1 /* Foundation.framework in Frameworks */ = {isa = PBXBuildFile; fileRef = 8D8CA153172BC9B400652CC1 /* Foundation.framework */; };
		8DBB745C172BD0B60052F0ED /* UIKit.framework in Frameworks */ = {isa = PBXBuildFile; fileRef = 8DBB745B172BD0B60052F0ED /* UIKit.framework */; };
		8DBB745D172BD0B60052F0ED /* Foundation.framework in Frameworks */ = {isa = PBXBuildFile; fileRef = 8D8CA153172BC9B400652CC1 /* Foundation.framework */; };
		8DBB745F172BD0B60052F0ED /* CoreGraphics.framework in Frameworks */ = {isa = PBXBuildFile; fileRef = 8DBB745E172BD0B60052F0ED /* CoreGraphics.framework */; };
		8DBB7465172BD0B60052F0ED /* InfoPlist.strings in Resources */ = {isa = PBXBuildFile; fileRef = 8DBB7463172BD0B60052F0ED /* InfoPlist.strings */; };
		8DBB7467172BD0B60052F0ED /* main.m in Sources */ = {isa = PBXBuildFile; fileRef = 8DBB7466172BD0B60052F0ED /* main.m */; };
		8DBB746B172BD0B70052F0ED /* GDRAppDelegate.m in Sources */ = {isa = PBXBuildFile; fileRef = 8DBB746A172BD0B70052F0ED /* GDRAppDelegate.m */; };
		8DBB746D172BD0B70052F0ED /* Default.png in Resources */ = {isa = PBXBuildFile; fileRef = 8DBB746C172BD0B70052F0ED /* Default.png */; };
		8DBB746F172BD0B70052F0ED /* Default@2x.png in Resources */ = {isa = PBXBuildFile; fileRef = 8DBB746E172BD0B70052F0ED /* Default@2x.png */; };
		8DBB7471172BD0B70052F0ED /* Default-568h@2x.png in Resources */ = {isa = PBXBuildFile; fileRef = 8DBB7470172BD0B70052F0ED /* Default-568h@2x.png */; };
		8DBB7474172BD0B70052F0ED /* MainStoryboard.storyboard in Resources */ = {isa = PBXBuildFile; fileRef = 8DBB7472172BD0B70052F0ED /* MainStoryboard.storyboard */; };
		8DBB7477172BD0B70052F0ED /* GDRViewController.m in Sources */ = {isa = PBXBuildFile; fileRef = 8DBB7476172BD0B70052F0ED /* GDRViewController.m */; };
		8DBB74C8172C136C0052F0ED /* ObjcNativeInterfaceFactory+ObjC.m in Sources */ = {isa = PBXBuildFile; fileRef = 8DBB74AC172BD1300052F0ED /* ObjcNativeInterfaceFactory+ObjC.m */; };
		8DBB74C9172C13700052F0ED /* GDRealtime.m in Sources */ = {isa = PBXBuildFile; fileRef = 8DBB74AE172BD1300052F0ED /* GDRealtime.m */; };
		8DBB74D1172D68EF0052F0ED /* GDRCollaborativeString+ObjC.m in Sources */ = {isa = PBXBuildFile; fileRef = 8DBB74D0172D68EF0052F0ED /* GDRCollaborativeString+ObjC.m */; };
		8DBB74D4172D6D650052F0ED /* GDRCollaborativeMap+ObjC.m in Sources */ = {isa = PBXBuildFile; fileRef = 8DBB74D3172D6D650052F0ED /* GDRCollaborativeMap+ObjC.m */; };
		8DBB74D7172D70AF0052F0ED /* GDRCollaborativeList+ObjC.m in Sources */ = {isa = PBXBuildFile; fileRef = 8DBB74D6172D70AF0052F0ED /* GDRCollaborativeList+ObjC.m */; };
		8DBB74DA172D7D180052F0ED /* GDRIndexReference+ObjC.m in Sources */ = {isa = PBXBuildFile; fileRef = 8DBB74D9172D7D180052F0ED /* GDRIndexReference+ObjC.m */; };
		8DBB74DD172D82350052F0ED /* GDRModel+ObjC.m in Sources */ = {isa = PBXBuildFile; fileRef = 8DBB74DC172D82340052F0ED /* GDRModel+ObjC.m */; };
		8DD88ADB172F7811006DCFA8 /* test.m in Sources */ = {isa = PBXBuildFile; fileRef = 8DD88ADA172F7811006DCFA8 /* test.m */; };
		E358178C59DA4C24A7880E03 /* libPods-test.a in Frameworks */ = {isa = PBXBuildFile; fileRef = 934154E8F61A46D3939CD886 /* libPods-test.a */; };
/* End PBXBuildFile section */

/* Begin PBXCopyFilesBuildPhase section */
		8D8CA14E172BC9B400652CC1 /* CopyFiles */ = {
			isa = PBXCopyFilesBuildPhase;
			buildActionMask = 2147483647;
			dstPath = "include/${PRODUCT_NAME}";
			dstSubfolderSpec = 16;
			files = (
			);
			runOnlyForDeploymentPostprocessing = 0;
		};
/* End PBXCopyFilesBuildPhase section */

/* Begin PBXFileReference section */
		1EA2B19E5F2040AC9E967E49 /* Pods-test.xcconfig */ = {isa = PBXFileReference; includeInIndex = 1; lastKnownFileType = text.xcconfig; name = "Pods-test.xcconfig"; path = "Pods/Pods-test.xcconfig"; sourceTree = SOURCE_ROOT; };
		31DD2DBBD4894B0A890BE47B /* libPods.a */ = {isa = PBXFileReference; explicitFileType = archive.ar; includeInIndex = 0; path = libPods.a; sourceTree = BUILT_PRODUCTS_DIR; };
		7902CBF143B343B1A5AF066B /* Pods-demo.xcconfig */ = {isa = PBXFileReference; includeInIndex = 1; lastKnownFileType = text.xcconfig; name = "Pods-demo.xcconfig"; path = "Pods/Pods-demo.xcconfig"; sourceTree = SOURCE_ROOT; };
		8D8CA150172BC9B400652CC1 /* libGDRealtime.a */ = {isa = PBXFileReference; explicitFileType = archive.ar; includeInIndex = 0; path = libGDRealtime.a; sourceTree = BUILT_PRODUCTS_DIR; };
		8D8CA153172BC9B400652CC1 /* Foundation.framework */ = {isa = PBXFileReference; lastKnownFileType = wrapper.framework; name = Foundation.framework; path = System/Library/Frameworks/Foundation.framework; sourceTree = SDKROOT; };
		8DBB745A172BD0B60052F0ED /* demo.app */ = {isa = PBXFileReference; explicitFileType = wrapper.application; includeInIndex = 0; path = demo.app; sourceTree = BUILT_PRODUCTS_DIR; };
		8DBB745B172BD0B60052F0ED /* UIKit.framework */ = {isa = PBXFileReference; lastKnownFileType = wrapper.framework; name = UIKit.framework; path = System/Library/Frameworks/UIKit.framework; sourceTree = SDKROOT; };
		8DBB745E172BD0B60052F0ED /* CoreGraphics.framework */ = {isa = PBXFileReference; lastKnownFileType = wrapper.framework; name = CoreGraphics.framework; path = System/Library/Frameworks/CoreGraphics.framework; sourceTree = SDKROOT; };
		8DBB7462172BD0B60052F0ED /* demo-Info.plist */ = {isa = PBXFileReference; lastKnownFileType = text.plist.xml; path = "demo-Info.plist"; sourceTree = "<group>"; };
		8DBB7464172BD0B60052F0ED /* en */ = {isa = PBXFileReference; lastKnownFileType = text.plist.strings; name = en; path = en.lproj/InfoPlist.strings; sourceTree = "<group>"; };
		8DBB7466172BD0B60052F0ED /* main.m */ = {isa = PBXFileReference; lastKnownFileType = sourcecode.c.objc; path = main.m; sourceTree = "<group>"; };
		8DBB7468172BD0B70052F0ED /* demo-Prefix.pch */ = {isa = PBXFileReference; lastKnownFileType = sourcecode.c.h; path = "demo-Prefix.pch"; sourceTree = "<group>"; };
		8DBB7469172BD0B70052F0ED /* GDRAppDelegate.h */ = {isa = PBXFileReference; lastKnownFileType = sourcecode.c.h; path = GDRAppDelegate.h; sourceTree = "<group>"; };
		8DBB746A172BD0B70052F0ED /* GDRAppDelegate.m */ = {isa = PBXFileReference; lastKnownFileType = sourcecode.c.objc; path = GDRAppDelegate.m; sourceTree = "<group>"; };
		8DBB746C172BD0B70052F0ED /* Default.png */ = {isa = PBXFileReference; lastKnownFileType = image.png; path = Default.png; sourceTree = "<group>"; };
		8DBB746E172BD0B70052F0ED /* Default@2x.png */ = {isa = PBXFileReference; lastKnownFileType = image.png; path = "Default@2x.png"; sourceTree = "<group>"; };
		8DBB7470172BD0B70052F0ED /* Default-568h@2x.png */ = {isa = PBXFileReference; lastKnownFileType = image.png; path = "Default-568h@2x.png"; sourceTree = "<group>"; };
		8DBB7473172BD0B70052F0ED /* en */ = {isa = PBXFileReference; lastKnownFileType = file.storyboard; name = en; path = en.lproj/MainStoryboard.storyboard; sourceTree = "<group>"; };
		8DBB7475172BD0B70052F0ED /* GDRViewController.h */ = {isa = PBXFileReference; lastKnownFileType = sourcecode.c.h; path = GDRViewController.h; sourceTree = "<group>"; };
		8DBB7476172BD0B70052F0ED /* GDRViewController.m */ = {isa = PBXFileReference; lastKnownFileType = sourcecode.c.objc; path = GDRViewController.m; sourceTree = "<group>"; };
		8DBB747E172BD0B70052F0ED /* SenTestingKit.framework */ = {isa = PBXFileReference; lastKnownFileType = wrapper.framework; name = SenTestingKit.framework; path = Library/Frameworks/SenTestingKit.framework; sourceTree = DEVELOPER_DIR; };
		8DBB749E172BD0F20052F0ED /* test-Info.plist */ = {isa = PBXFileReference; lastKnownFileType = text.plist.xml; path = "test-Info.plist"; sourceTree = "<group>"; };
		8DBB74A0172BD0F20052F0ED /* en */ = {isa = PBXFileReference; lastKnownFileType = text.plist.strings; name = en; path = en.lproj/InfoPlist.strings; sourceTree = "<group>"; };
		8DBB74A2172BD0F20052F0ED /* test.h */ = {isa = PBXFileReference; lastKnownFileType = sourcecode.c.h; path = test.h; sourceTree = "<group>"; };
		8DBB74A3172BD0F20052F0ED /* test.m */ = {isa = PBXFileReference; lastKnownFileType = sourcecode.c.objc; path = test.m; sourceTree = "<group>"; };
		8DBB74A5172BD0F20052F0ED /* test-Prefix.pch */ = {isa = PBXFileReference; lastKnownFileType = sourcecode.c.h; path = "test-Prefix.pch"; sourceTree = "<group>"; };
		8DBB74AB172BD1300052F0ED /* ObjcNativeInterfaceFactory+ObjC.h */ = {isa = PBXFileReference; fileEncoding = 4; lastKnownFileType = sourcecode.c.h; path = "ObjcNativeInterfaceFactory+ObjC.h"; sourceTree = "<group>"; };
		8DBB74AC172BD1300052F0ED /* ObjcNativeInterfaceFactory+ObjC.m */ = {isa = PBXFileReference; fileEncoding = 4; lastKnownFileType = sourcecode.c.objc; path = "ObjcNativeInterfaceFactory+ObjC.m"; sourceTree = "<group>"; };
		8DBB74AD172BD1300052F0ED /* GDRealtime.h */ = {isa = PBXFileReference; fileEncoding = 4; lastKnownFileType = sourcecode.c.h; path = GDRealtime.h; sourceTree = "<group>"; };
		8DBB74AE172BD1300052F0ED /* GDRealtime.m */ = {isa = PBXFileReference; fileEncoding = 4; lastKnownFileType = sourcecode.c.objc; path = GDRealtime.m; sourceTree = "<group>"; };
		8DBB74CF172D68EF0052F0ED /* GDRCollaborativeString+ObjC.h */ = {isa = PBXFileReference; fileEncoding = 4; lastKnownFileType = sourcecode.c.h; path = "GDRCollaborativeString+ObjC.h"; sourceTree = "<group>"; };
		8DBB74D0172D68EF0052F0ED /* GDRCollaborativeString+ObjC.m */ = {isa = PBXFileReference; fileEncoding = 4; lastKnownFileType = sourcecode.c.objc; path = "GDRCollaborativeString+ObjC.m"; sourceTree = "<group>"; };
		8DBB74D2172D6D650052F0ED /* GDRCollaborativeMap+ObjC.h */ = {isa = PBXFileReference; fileEncoding = 4; lastKnownFileType = sourcecode.c.h; path = "GDRCollaborativeMap+ObjC.h"; sourceTree = "<group>"; };
		8DBB74D3172D6D650052F0ED /* GDRCollaborativeMap+ObjC.m */ = {isa = PBXFileReference; fileEncoding = 4; lastKnownFileType = sourcecode.c.objc; path = "GDRCollaborativeMap+ObjC.m"; sourceTree = "<group>"; };
		8DBB74D5172D70AF0052F0ED /* GDRCollaborativeList+ObjC.h */ = {isa = PBXFileReference; fileEncoding = 4; lastKnownFileType = sourcecode.c.h; path = "GDRCollaborativeList+ObjC.h"; sourceTree = "<group>"; };
		8DBB74D6172D70AF0052F0ED /* GDRCollaborativeList+ObjC.m */ = {isa = PBXFileReference; fileEncoding = 4; lastKnownFileType = sourcecode.c.objc; path = "GDRCollaborativeList+ObjC.m"; sourceTree = "<group>"; };
		8DBB74D8172D7D180052F0ED /* GDRIndexReference+ObjC.h */ = {isa = PBXFileReference; fileEncoding = 4; lastKnownFileType = sourcecode.c.h; path = "GDRIndexReference+ObjC.h"; sourceTree = "<group>"; };
		8DBB74D9172D7D180052F0ED /* GDRIndexReference+ObjC.m */ = {isa = PBXFileReference; fileEncoding = 4; lastKnownFileType = sourcecode.c.objc; path = "GDRIndexReference+ObjC.m"; sourceTree = "<group>"; };
		8DBB74DB172D82340052F0ED /* GDRModel+ObjC.h */ = {isa = PBXFileReference; fileEncoding = 4; lastKnownFileType = sourcecode.c.h; path = "GDRModel+ObjC.h"; sourceTree = "<group>"; };
		8DBB74DC172D82340052F0ED /* GDRModel+ObjC.m */ = {isa = PBXFileReference; fileEncoding = 4; lastKnownFileType = sourcecode.c.objc; path = "GDRModel+ObjC.m"; sourceTree = "<group>"; };
		8DD88ACF172F7811006DCFA8 /* libtest.a */ = {isa = PBXFileReference; explicitFileType = archive.ar; includeInIndex = 0; path = libtest.a; sourceTree = BUILT_PRODUCTS_DIR; };
		8DD88AD0172F7811006DCFA8 /* Cocoa.framework */ = {isa = PBXFileReference; lastKnownFileType = wrapper.framework; name = Cocoa.framework; path = Library/Frameworks/Cocoa.framework; sourceTree = DEVELOPER_DIR; };
		8DD88AD3172F7811006DCFA8 /* AppKit.framework */ = {isa = PBXFileReference; lastKnownFileType = wrapper.framework; name = AppKit.framework; path = Library/Frameworks/AppKit.framework; sourceTree = SDKROOT; };
		8DD88AD4172F7811006DCFA8 /* CoreData.framework */ = {isa = PBXFileReference; lastKnownFileType = wrapper.framework; name = CoreData.framework; path = Library/Frameworks/CoreData.framework; sourceTree = SDKROOT; };
		8DD88AD5172F7811006DCFA8 /* Foundation.framework */ = {isa = PBXFileReference; lastKnownFileType = wrapper.framework; name = Foundation.framework; path = Library/Frameworks/Foundation.framework; sourceTree = SDKROOT; };
		8DD88AD8172F7811006DCFA8 /* test-Prefix.pch */ = {isa = PBXFileReference; lastKnownFileType = sourcecode.c.h; path = "test-Prefix.pch"; sourceTree = "<group>"; };
		8DD88AD9172F7811006DCFA8 /* test.h */ = {isa = PBXFileReference; lastKnownFileType = sourcecode.c.h; path = test.h; sourceTree = "<group>"; };
		8DD88ADA172F7811006DCFA8 /* test.m */ = {isa = PBXFileReference; lastKnownFileType = sourcecode.c.objc; path = test.m; sourceTree = "<group>"; };
		934154E8F61A46D3939CD886 /* libPods-test.a */ = {isa = PBXFileReference; explicitFileType = archive.ar; includeInIndex = 0; path = "libPods-test.a"; sourceTree = BUILT_PRODUCTS_DIR; };
		9EE324FAA28F4670B4B27AEC /* libPods-demo.a */ = {isa = PBXFileReference; explicitFileType = archive.ar; includeInIndex = 0; path = "libPods-demo.a"; sourceTree = BUILT_PRODUCTS_DIR; };
		BB8E7EADF911421F977C3180 /* libPods.a */ = {isa = PBXFileReference; explicitFileType = archive.ar; includeInIndex = 0; path = libPods.a; sourceTree = BUILT_PRODUCTS_DIR; };
		CC32686C9A964CE998DA7A84 /* Pods.xcconfig */ = {isa = PBXFileReference; includeInIndex = 1; lastKnownFileType = text.xcconfig; name = Pods.xcconfig; path = Pods/Pods.xcconfig; sourceTree = SOURCE_ROOT; };
		E260BA2602094A24924ACF4D /* libPods-test.a */ = {isa = PBXFileReference; explicitFileType = archive.ar; includeInIndex = 0; path = "libPods-test.a"; sourceTree = BUILT_PRODUCTS_DIR; };
		EFB495390FFE472690E604A5 /* libPods-test.a */ = {isa = PBXFileReference; explicitFileType = archive.ar; includeInIndex = 0; path = "libPods-test.a"; sourceTree = BUILT_PRODUCTS_DIR; };
/* End PBXFileReference section */

/* Begin PBXFrameworksBuildPhase section */
		8D8CA14D172BC9B400652CC1 /* Frameworks */ = {
			isa = PBXFrameworksBuildPhase;
			buildActionMask = 2147483647;
			files = (
				8D8CA154172BC9B400652CC1 /* Foundation.framework in Frameworks */,
				0CA3B6C16AFA4502A56E2629 /* libPods.a in Frameworks */,
			);
			runOnlyForDeploymentPostprocessing = 0;
		};
		8DBB7457172BD0B60052F0ED /* Frameworks */ = {
			isa = PBXFrameworksBuildPhase;
			buildActionMask = 2147483647;
			files = (
				8DBB745C172BD0B60052F0ED /* UIKit.framework in Frameworks */,
				8DBB745D172BD0B60052F0ED /* Foundation.framework in Frameworks */,
				8DBB745F172BD0B60052F0ED /* CoreGraphics.framework in Frameworks */,
				055817FB9E054A578C8DE214 /* libPods-demo.a in Frameworks */,
			);
			runOnlyForDeploymentPostprocessing = 0;
		};
		8DD88ACC172F7811006DCFA8 /* Frameworks */ = {
			isa = PBXFrameworksBuildPhase;
			buildActionMask = 2147483647;
			files = (
				E358178C59DA4C24A7880E03 /* libPods-test.a in Frameworks */,
			);
			runOnlyForDeploymentPostprocessing = 0;
		};
/* End PBXFrameworksBuildPhase section */

/* Begin PBXGroup section */
		8D8CA147172BC9B400652CC1 = {
			isa = PBXGroup;
			children = (
				8DBB74A9172BD1300052F0ED /* Classes */,
				8DBB7460172BD0B60052F0ED /* demo */,
				8DBB749C172BD0F20052F0ED /* test */,
				8DD88AD6172F7811006DCFA8 /* test */,
				8D8CA152172BC9B400652CC1 /* Frameworks */,
				8D8CA151172BC9B400652CC1 /* Products */,
				CC32686C9A964CE998DA7A84 /* Pods.xcconfig */,
				7902CBF143B343B1A5AF066B /* Pods-demo.xcconfig */,
				1EA2B19E5F2040AC9E967E49 /* Pods-test.xcconfig */,
			);
			sourceTree = "<group>";
		};
		8D8CA151172BC9B400652CC1 /* Products */ = {
			isa = PBXGroup;
			children = (
				8D8CA150172BC9B400652CC1 /* libGDRealtime.a */,
				8DBB745A172BD0B60052F0ED /* demo.app */,
				8DD88ACF172F7811006DCFA8 /* libtest.a */,
			);
			name = Products;
			sourceTree = "<group>";
		};
		8D8CA152172BC9B400652CC1 /* Frameworks */ = {
			isa = PBXGroup;
			children = (
				8D8CA153172BC9B400652CC1 /* Foundation.framework */,
				31DD2DBBD4894B0A890BE47B /* libPods.a */,
				8DBB745B172BD0B60052F0ED /* UIKit.framework */,
				8DBB745E172BD0B60052F0ED /* CoreGraphics.framework */,
				8DBB747E172BD0B70052F0ED /* SenTestingKit.framework */,
				BB8E7EADF911421F977C3180 /* libPods.a */,
				E260BA2602094A24924ACF4D /* libPods-test.a */,
				9EE324FAA28F4670B4B27AEC /* libPods-demo.a */,
				EFB495390FFE472690E604A5 /* libPods-test.a */,
				8DD88AD0172F7811006DCFA8 /* Cocoa.framework */,
				8DD88AD2172F7811006DCFA8 /* Other Frameworks */,
				934154E8F61A46D3939CD886 /* libPods-test.a */,
			);
			name = Frameworks;
			sourceTree = "<group>";
		};
		8DBB7460172BD0B60052F0ED /* demo */ = {
			isa = PBXGroup;
			children = (
				8DBB7469172BD0B70052F0ED /* GDRAppDelegate.h */,
				8DBB746A172BD0B70052F0ED /* GDRAppDelegate.m */,
				8DBB7472172BD0B70052F0ED /* MainStoryboard.storyboard */,
				8DBB7475172BD0B70052F0ED /* GDRViewController.h */,
				8DBB7476172BD0B70052F0ED /* GDRViewController.m */,
				8DBB7461172BD0B60052F0ED /* Supporting Files */,
			);
			path = demo;
			sourceTree = "<group>";
		};
		8DBB7461172BD0B60052F0ED /* Supporting Files */ = {
			isa = PBXGroup;
			children = (
				8DBB7462172BD0B60052F0ED /* demo-Info.plist */,
				8DBB7463172BD0B60052F0ED /* InfoPlist.strings */,
				8DBB7466172BD0B60052F0ED /* main.m */,
				8DBB7468172BD0B70052F0ED /* demo-Prefix.pch */,
				8DBB746C172BD0B70052F0ED /* Default.png */,
				8DBB746E172BD0B70052F0ED /* Default@2x.png */,
				8DBB7470172BD0B70052F0ED /* Default-568h@2x.png */,
			);
			name = "Supporting Files";
			sourceTree = "<group>";
		};
		8DBB749C172BD0F20052F0ED /* test */ = {
			isa = PBXGroup;
			children = (
				8DBB74A2172BD0F20052F0ED /* test.h */,
				8DBB74A3172BD0F20052F0ED /* test.m */,
				8DBB749D172BD0F20052F0ED /* Supporting Files */,
			);
			path = test;
			sourceTree = "<group>";
		};
		8DBB749D172BD0F20052F0ED /* Supporting Files */ = {
			isa = PBXGroup;
			children = (
				8DBB749E172BD0F20052F0ED /* test-Info.plist */,
				8DBB749F172BD0F20052F0ED /* InfoPlist.strings */,
				8DBB74A5172BD0F20052F0ED /* test-Prefix.pch */,
			);
			name = "Supporting Files";
			sourceTree = "<group>";
		};
		8DBB74A9172BD1300052F0ED /* Classes */ = {
			isa = PBXGroup;
			children = (
				8DBB74AA172BD1300052F0ED /* ios */,
			);
			name = Classes;
			path = ../Classes;
			sourceTree = "<group>";
		};
		8DBB74AA172BD1300052F0ED /* ios */ = {
			isa = PBXGroup;
			children = (
				8DBB74DB172D82340052F0ED /* GDRModel+ObjC.h */,
				8DBB74DC172D82340052F0ED /* GDRModel+ObjC.m */,
				8DBB74CF172D68EF0052F0ED /* GDRCollaborativeString+ObjC.h */,
				8DBB74D0172D68EF0052F0ED /* GDRCollaborativeString+ObjC.m */,
				8DBB74D2172D6D650052F0ED /* GDRCollaborativeMap+ObjC.h */,
				8DBB74D3172D6D650052F0ED /* GDRCollaborativeMap+ObjC.m */,
				8DBB74D5172D70AF0052F0ED /* GDRCollaborativeList+ObjC.h */,
				8DBB74D6172D70AF0052F0ED /* GDRCollaborativeList+ObjC.m */,
				8DBB74D8172D7D180052F0ED /* GDRIndexReference+ObjC.h */,
				8DBB74D9172D7D180052F0ED /* GDRIndexReference+ObjC.m */,
				8DBB74AB172BD1300052F0ED /* ObjcNativeInterfaceFactory+ObjC.h */,
				8DBB74AC172BD1300052F0ED /* ObjcNativeInterfaceFactory+ObjC.m */,
				8DBB74AD172BD1300052F0ED /* GDRealtime.h */,
				8DBB74AE172BD1300052F0ED /* GDRealtime.m */,
			);
			path = ios;
			sourceTree = "<group>";
		};
		8DD88AD2172F7811006DCFA8 /* Other Frameworks */ = {
			isa = PBXGroup;
			children = (
				8DD88AD3172F7811006DCFA8 /* AppKit.framework */,
				8DD88AD4172F7811006DCFA8 /* CoreData.framework */,
				8DD88AD5172F7811006DCFA8 /* Foundation.framework */,
			);
			name = "Other Frameworks";
			sourceTree = "<group>";
		};
		8DD88AD6172F7811006DCFA8 /* test */ = {
			isa = PBXGroup;
			children = (
				8DD88AD9172F7811006DCFA8 /* test.h */,
				8DD88ADA172F7811006DCFA8 /* test.m */,
				8DD88AD7172F7811006DCFA8 /* Supporting Files */,
			);
			path = test;
			sourceTree = "<group>";
		};
		8DD88AD7172F7811006DCFA8 /* Supporting Files */ = {
			isa = PBXGroup;
			children = (
				8DD88AD8172F7811006DCFA8 /* test-Prefix.pch */,
			);
			name = "Supporting Files";
			sourceTree = "<group>";
		};
/* End PBXGroup section */

/* Begin PBXHeadersBuildPhase section */
		8DD88ACD172F7811006DCFA8 /* Headers */ = {
			isa = PBXHeadersBuildPhase;
			buildActionMask = 2147483647;
			files = (
			);
			runOnlyForDeploymentPostprocessing = 0;
		};
/* End PBXHeadersBuildPhase section */

/* Begin PBXNativeTarget section */
		8D8CA14F172BC9B400652CC1 /* GDRealtime */ = {
			isa = PBXNativeTarget;
			buildConfigurationList = 8D8CA15E172BC9B400652CC1 /* Build configuration list for PBXNativeTarget "GDRealtime" */;
			buildPhases = (
				0696DB9777BA4F0CAE5455F3 /* Check Pods Manifest.lock */,
				8D8CA14C172BC9B400652CC1 /* Sources */,
				8D8CA14D172BC9B400652CC1 /* Frameworks */,
				8D8CA14E172BC9B400652CC1 /* CopyFiles */,
				B560A6E7B3354EA78C7B9449 /* Copy Pods Resources */,
			);
			buildRules = (
			);
			dependencies = (
			);
			name = GDRealtime;
			productName = GDRealtime;
			productReference = 8D8CA150172BC9B400652CC1 /* libGDRealtime.a */;
			productType = "com.apple.product-type.library.static";
		};
		8DBB7459172BD0B60052F0ED /* demo */ = {
			isa = PBXNativeTarget;
			buildConfigurationList = 8DBB7491172BD0B70052F0ED /* Build configuration list for PBXNativeTarget "demo" */;
			buildPhases = (
				4FCD2EBE48B549F5B664059A /* Check Pods Manifest.lock */,
				5693BAD3825545FE90DA92DF /* Check Pods Manifest.lock */,
				8DBB7456172BD0B60052F0ED /* Sources */,
				8DBB7457172BD0B60052F0ED /* Frameworks */,
				8DBB7458172BD0B60052F0ED /* Resources */,
				177A272A02834CC8A112C7DA /* Copy Pods Resources */,
				E4D86D0F8F3B4AB1A096CAF3 /* Copy Pods Resources */,
			);
			buildRules = (
			);
			dependencies = (
			);
			name = demo;
			productName = demo;
			productReference = 8DBB745A172BD0B60052F0ED /* demo.app */;
			productType = "com.apple.product-type.application";
		};
		8DD88ACE172F7811006DCFA8 /* test */ = {
			isa = PBXNativeTarget;
			buildConfigurationList = 8DD88ADC172F7811006DCFA8 /* Build configuration list for PBXNativeTarget "test" */;
			buildPhases = (
				8DD88ACB172F7811006DCFA8 /* Sources */,
				8DD88ACC172F7811006DCFA8 /* Frameworks */,
				8DD88ACD172F7811006DCFA8 /* Headers */,
				8D57F28A172F811A00F1B0FE /* ShellScript */,
			);
			buildRules = (
			);
			dependencies = (
			);
			name = test;
			productName = test;
			productReference = 8DD88ACF172F7811006DCFA8 /* libtest.a */;
			productType = "com.apple.product-type.library.static";
		};
/* End PBXNativeTarget section */

/* Begin PBXProject section */
		8D8CA148172BC9B400652CC1 /* Project object */ = {
			isa = PBXProject;
			attributes = {
				LastUpgradeCheck = 0460;
				ORGANIZATIONNAME = "Larry Tin";
			};
			buildConfigurationList = 8D8CA14B172BC9B400652CC1 /* Build configuration list for PBXProject "GDRealtime" */;
			compatibilityVersion = "Xcode 3.2";
			developmentRegion = English;
			hasScannedForEncodings = 0;
			knownRegions = (
				en,
			);
			mainGroup = 8D8CA147172BC9B400652CC1;
			productRefGroup = 8D8CA151172BC9B400652CC1 /* Products */;
			projectDirPath = "";
			projectRoot = "";
			targets = (
				8D8CA14F172BC9B400652CC1 /* GDRealtime */,
				8DBB7459172BD0B60052F0ED /* demo */,
				8DD88ACE172F7811006DCFA8 /* test */,
			);
		};
/* End PBXProject section */

/* Begin PBXResourcesBuildPhase section */
		8DBB7458172BD0B60052F0ED /* Resources */ = {
			isa = PBXResourcesBuildPhase;
			buildActionMask = 2147483647;
			files = (
				8DBB7465172BD0B60052F0ED /* InfoPlist.strings in Resources */,
				8DBB746D172BD0B70052F0ED /* Default.png in Resources */,
				8DBB746F172BD0B70052F0ED /* Default@2x.png in Resources */,
				8DBB7471172BD0B70052F0ED /* Default-568h@2x.png in Resources */,
				8DBB7474172BD0B70052F0ED /* MainStoryboard.storyboard in Resources */,
			);
			runOnlyForDeploymentPostprocessing = 0;
		};
/* End PBXResourcesBuildPhase section */

/* Begin PBXShellScriptBuildPhase section */
		0696DB9777BA4F0CAE5455F3 /* Check Pods Manifest.lock */ = {
			isa = PBXShellScriptBuildPhase;
			buildActionMask = 2147483647;
			files = (
			);
			inputPaths = (
			);
			name = "Check Pods Manifest.lock";
			outputPaths = (
			);
			runOnlyForDeploymentPostprocessing = 0;
			shellPath = /bin/sh;
			shellScript = "diff \"${PODS_ROOT}/../Podfile.lock\" \"${PODS_ROOT}/Manifest.lock\" > /dev/null\nif [[ $? != 0 ]] ; then\n    cat << EOM\nerror: The sanbox is not in sync with the Podfile.lock. Run 'pod install'.\nEOM\n    exit 1\nfi\n";
		};
		177A272A02834CC8A112C7DA /* Copy Pods Resources */ = {
			isa = PBXShellScriptBuildPhase;
			buildActionMask = 2147483647;
			files = (
			);
			inputPaths = (
			);
			name = "Copy Pods Resources";
			outputPaths = (
			);
			runOnlyForDeploymentPostprocessing = 0;
			shellPath = /bin/sh;
			shellScript = "\"${SRCROOT}/Pods/Pods-resources.sh\"\n";
		};
		4FCD2EBE48B549F5B664059A /* Check Pods Manifest.lock */ = {
			isa = PBXShellScriptBuildPhase;
			buildActionMask = 2147483647;
			files = (
			);
			inputPaths = (
			);
			name = "Check Pods Manifest.lock";
			outputPaths = (
			);
			runOnlyForDeploymentPostprocessing = 0;
			shellPath = /bin/sh;
			shellScript = "diff \"${PODS_ROOT}/../Podfile.lock\" \"${PODS_ROOT}/Manifest.lock\" > /dev/null\nif [[ $? != 0 ]] ; then\n    cat << EOM\nerror: The sanbox is not in sync with the Podfile.lock. Run 'pod install'.\nEOM\n    exit 1\nfi\n";
		};
		5693BAD3825545FE90DA92DF /* Check Pods Manifest.lock */ = {
			isa = PBXShellScriptBuildPhase;
			buildActionMask = 2147483647;
			files = (
			);
			inputPaths = (
			);
			name = "Check Pods Manifest.lock";
			outputPaths = (
			);
			runOnlyForDeploymentPostprocessing = 0;
			shellPath = /bin/sh;
			shellScript = "diff \"${PODS_ROOT}/../Podfile.lock\" \"${PODS_ROOT}/Manifest.lock\" > /dev/null\nif [[ $? != 0 ]] ; then\n    cat << EOM\nerror: The sanbox is not in sync with the Podfile.lock. Run 'pod install'.\nEOM\n    exit 1\nfi\n";
		};
		8D57F28A172F811A00F1B0FE /* ShellScript */ = {
			isa = PBXShellScriptBuildPhase;
			buildActionMask = 2147483647;
			files = (
			);
			inputPaths = (
			);
			outputPaths = (
			);
			runOnlyForDeploymentPostprocessing = 0;
			shellPath = /bin/sh;
			shellScript = "if [ x$ACTION == xclean ]; then make clean; else make; fi";
		};
		B560A6E7B3354EA78C7B9449 /* Copy Pods Resources */ = {
			isa = PBXShellScriptBuildPhase;
			buildActionMask = 2147483647;
			files = (
			);
			inputPaths = (
			);
			name = "Copy Pods Resources";
			outputPaths = (
			);
			runOnlyForDeploymentPostprocessing = 0;
			shellPath = /bin/sh;
			shellScript = "\"${SRCROOT}/Pods/Pods-resources.sh\"\n";
		};
		E4D86D0F8F3B4AB1A096CAF3 /* Copy Pods Resources */ = {
			isa = PBXShellScriptBuildPhase;
			buildActionMask = 2147483647;
			files = (
			);
			inputPaths = (
			);
			name = "Copy Pods Resources";
			outputPaths = (
			);
			runOnlyForDeploymentPostprocessing = 0;
			shellPath = /bin/sh;
			shellScript = "\"${SRCROOT}/Pods/Pods-demo-resources.sh\"\n";
		};
/* End PBXShellScriptBuildPhase section */

/* Begin PBXSourcesBuildPhase section */
		8D8CA14C172BC9B400652CC1 /* Sources */ = {
			isa = PBXSourcesBuildPhase;
			buildActionMask = 2147483647;
			files = (
				8DBB74C8172C136C0052F0ED /* ObjcNativeInterfaceFactory+ObjC.m in Sources */,
				8DBB74C9172C13700052F0ED /* GDRealtime.m in Sources */,
				8DBB74D1172D68EF0052F0ED /* GDRCollaborativeString+ObjC.m in Sources */,
				8DBB74D4172D6D650052F0ED /* GDRCollaborativeMap+ObjC.m in Sources */,
				8DBB74D7172D70AF0052F0ED /* GDRCollaborativeList+ObjC.m in Sources */,
				8DBB74DA172D7D180052F0ED /* GDRIndexReference+ObjC.m in Sources */,
				8DBB74DD172D82350052F0ED /* GDRModel+ObjC.m in Sources */,
			);
			runOnlyForDeploymentPostprocessing = 0;
		};
		8DBB7456172BD0B60052F0ED /* Sources */ = {
			isa = PBXSourcesBuildPhase;
			buildActionMask = 2147483647;
			files = (
				8DBB7467172BD0B60052F0ED /* main.m in Sources */,
				8DBB746B172BD0B70052F0ED /* GDRAppDelegate.m in Sources */,
				8DBB7477172BD0B70052F0ED /* GDRViewController.m in Sources */,
			);
			runOnlyForDeploymentPostprocessing = 0;
		};
		8DD88ACB172F7811006DCFA8 /* Sources */ = {
			isa = PBXSourcesBuildPhase;
			buildActionMask = 2147483647;
			files = (
				8DD88ADB172F7811006DCFA8 /* test.m in Sources */,
			);
			runOnlyForDeploymentPostprocessing = 0;
		};
/* End PBXSourcesBuildPhase section */

/* Begin PBXVariantGroup section */
		8DBB7463172BD0B60052F0ED /* InfoPlist.strings */ = {
			isa = PBXVariantGroup;
			children = (
				8DBB7464172BD0B60052F0ED /* en */,
			);
			name = InfoPlist.strings;
			sourceTree = "<group>";
		};
		8DBB7472172BD0B70052F0ED /* MainStoryboard.storyboard */ = {
			isa = PBXVariantGroup;
			children = (
				8DBB7473172BD0B70052F0ED /* en */,
			);
			name = MainStoryboard.storyboard;
			sourceTree = "<group>";
		};
		8DBB749F172BD0F20052F0ED /* InfoPlist.strings */ = {
			isa = PBXVariantGroup;
			children = (
				8DBB74A0172BD0F20052F0ED /* en */,
			);
			name = InfoPlist.strings;
			sourceTree = "<group>";
		};
/* End PBXVariantGroup section */

/* Begin XCBuildConfiguration section */
		8D8CA15C172BC9B400652CC1 /* Debug */ = {
			isa = XCBuildConfiguration;
			buildSettings = {
				ALWAYS_SEARCH_USER_PATHS = NO;
				CLANG_CXX_LANGUAGE_STANDARD = "gnu++0x";
				CLANG_CXX_LIBRARY = "libc++";
				CLANG_ENABLE_OBJC_ARC = YES;
				CLANG_WARN_CONSTANT_CONVERSION = YES;
				CLANG_WARN_EMPTY_BODY = YES;
				CLANG_WARN_ENUM_CONVERSION = YES;
				CLANG_WARN_INT_CONVERSION = YES;
				CLANG_WARN__DUPLICATE_METHOD_MATCH = YES;
				COPY_PHASE_STRIP = NO;
				GCC_C_LANGUAGE_STANDARD = gnu99;
				GCC_DYNAMIC_NO_PIC = NO;
				GCC_OPTIMIZATION_LEVEL = 0;
				GCC_PREPROCESSOR_DEFINITIONS = (
					"DEBUG=1",
					"$(inherited)",
				);
				GCC_SYMBOLS_PRIVATE_EXTERN = NO;
				GCC_WARN_ABOUT_RETURN_TYPE = YES;
				GCC_WARN_UNINITIALIZED_AUTOS = YES;
				GCC_WARN_UNUSED_VARIABLE = YES;
				IPHONEOS_DEPLOYMENT_TARGET = 6.1;
				ONLY_ACTIVE_ARCH = YES;
				SDKROOT = iphoneos;
			};
			name = Debug;
		};
		8D8CA15D172BC9B400652CC1 /* Release */ = {
			isa = XCBuildConfiguration;
			buildSettings = {
				ALWAYS_SEARCH_USER_PATHS = NO;
				CLANG_CXX_LANGUAGE_STANDARD = "gnu++0x";
				CLANG_CXX_LIBRARY = "libc++";
				CLANG_ENABLE_OBJC_ARC = YES;
				CLANG_WARN_CONSTANT_CONVERSION = YES;
				CLANG_WARN_EMPTY_BODY = YES;
				CLANG_WARN_ENUM_CONVERSION = YES;
				CLANG_WARN_INT_CONVERSION = YES;
				CLANG_WARN__DUPLICATE_METHOD_MATCH = YES;
				COPY_PHASE_STRIP = YES;
				GCC_C_LANGUAGE_STANDARD = gnu99;
				GCC_WARN_ABOUT_RETURN_TYPE = YES;
				GCC_WARN_UNINITIALIZED_AUTOS = YES;
				GCC_WARN_UNUSED_VARIABLE = YES;
				IPHONEOS_DEPLOYMENT_TARGET = 6.1;
				SDKROOT = iphoneos;
				VALIDATE_PRODUCT = YES;
			};
			name = Release;
		};
		8D8CA15F172BC9B400652CC1 /* Debug */ = {
			isa = XCBuildConfiguration;
			baseConfigurationReference = CC32686C9A964CE998DA7A84 /* Pods.xcconfig */;
			buildSettings = {
				DSTROOT = /tmp/GDRealtime.dst;
				GCC_PRECOMPILE_PREFIX_HEADER = YES;
				GCC_PREFIX_HEADER = "";
				OTHER_LDFLAGS = "-ObjC";
				PRODUCT_NAME = "$(TARGET_NAME)";
				SKIP_INSTALL = YES;
			};
			name = Debug;
		};
		8D8CA160172BC9B400652CC1 /* Release */ = {
			isa = XCBuildConfiguration;
			baseConfigurationReference = CC32686C9A964CE998DA7A84 /* Pods.xcconfig */;
			buildSettings = {
				DSTROOT = /tmp/GDRealtime.dst;
				GCC_PRECOMPILE_PREFIX_HEADER = YES;
				GCC_PREFIX_HEADER = "";
				OTHER_LDFLAGS = "-ObjC";
				PRODUCT_NAME = "$(TARGET_NAME)";
				SKIP_INSTALL = YES;
			};
			name = Release;
		};
		8DBB748D172BD0B70052F0ED /* Debug */ = {
			isa = XCBuildConfiguration;
			baseConfigurationReference = 7902CBF143B343B1A5AF066B /* Pods-demo.xcconfig */;
			buildSettings = {
				"CODE_SIGN_IDENTITY[sdk=iphoneos*]" = "iPhone Developer";
				GCC_PRECOMPILE_PREFIX_HEADER = YES;
				GCC_PREFIX_HEADER = "demo/demo-Prefix.pch";
				INFOPLIST_FILE = "demo/demo-Info.plist";
				PRODUCT_NAME = "$(TARGET_NAME)";
				WRAPPER_EXTENSION = app;
			};
			name = Debug;
		};
		8DBB748E172BD0B70052F0ED /* Release */ = {
			isa = XCBuildConfiguration;
			baseConfigurationReference = 7902CBF143B343B1A5AF066B /* Pods-demo.xcconfig */;
			buildSettings = {
				"CODE_SIGN_IDENTITY[sdk=iphoneos*]" = "iPhone Developer";
				GCC_PRECOMPILE_PREFIX_HEADER = YES;
				GCC_PREFIX_HEADER = "demo/demo-Prefix.pch";
				INFOPLIST_FILE = "demo/demo-Info.plist";
				OTHER_CFLAGS = "-DNS_BLOCK_ASSERTIONS=1";
				PRODUCT_NAME = "$(TARGET_NAME)";
				WRAPPER_EXTENSION = app;
			};
			name = Release;
		};
		8DD88ADD172F7811006DCFA8 /* Debug */ = {
			isa = XCBuildConfiguration;
			baseConfigurationReference = 1EA2B19E5F2040AC9E967E49 /* Pods-test.xcconfig */;
			buildSettings = {
				ARCHS = "$(ARCHS_STANDARD_64_BIT)";
				FRAMEWORK_SEARCH_PATHS = (
					"$(inherited)",
					"\"$(SYSTEM_APPS_DIR)/Xcode.app/Contents/Developer/Library/Frameworks\"",
				);
				GCC_ENABLE_OBJC_EXCEPTIONS = YES;
				GCC_PRECOMPILE_PREFIX_HEADER = YES;
				GCC_PREFIX_HEADER = "test/test-Prefix.pch";
				GCC_WARN_64_TO_32_BIT_CONVERSION = YES;
				MACH_O_TYPE = staticlib;
				MACOSX_DEPLOYMENT_TARGET = 10.7;
				OTHER_LDFLAGS = "-ObjC";
				PRODUCT_NAME = "$(TARGET_NAME)";
				SDKROOT = macosx;
			};
			name = Debug;
		};
		8DD88ADE172F7811006DCFA8 /* Release */ = {
			isa = XCBuildConfiguration;
			baseConfigurationReference = 1EA2B19E5F2040AC9E967E49 /* Pods-test.xcconfig */;
			buildSettings = {
				ARCHS = "$(ARCHS_STANDARD_64_BIT)";
				DEBUG_INFORMATION_FORMAT = "dwarf-with-dsym";
				FRAMEWORK_SEARCH_PATHS = (
					"$(inherited)",
					"\"$(SYSTEM_APPS_DIR)/Xcode.app/Contents/Developer/Library/Frameworks\"",
				);
				GCC_ENABLE_OBJC_EXCEPTIONS = YES;
				GCC_PRECOMPILE_PREFIX_HEADER = YES;
				GCC_PREFIX_HEADER = "test/test-Prefix.pch";
				GCC_WARN_64_TO_32_BIT_CONVERSION = YES;
				MACH_O_TYPE = staticlib;
				MACOSX_DEPLOYMENT_TARGET = 10.7;
				OTHER_LDFLAGS = "-ObjC";
				PRODUCT_NAME = "$(TARGET_NAME)";
				SDKROOT = macosx;
			};
			name = Release;
		};
/* End XCBuildConfiguration section */

/* Begin XCConfigurationList section */
		8D8CA14B172BC9B400652CC1 /* Build configuration list for PBXProject "GDRealtime" */ = {
			isa = XCConfigurationList;
			buildConfigurations = (
				8D8CA15C172BC9B400652CC1 /* Debug */,
				8D8CA15D172BC9B400652CC1 /* Release */,
			);
			defaultConfigurationIsVisible = 0;
			defaultConfigurationName = Release;
		};
		8D8CA15E172BC9B400652CC1 /* Build configuration list for PBXNativeTarget "GDRealtime" */ = {
			isa = XCConfigurationList;
			buildConfigurations = (
				8D8CA15F172BC9B400652CC1 /* Debug */,
				8D8CA160172BC9B400652CC1 /* Release */,
			);
			defaultConfigurationIsVisible = 0;
			defaultConfigurationName = Release;
		};
		8DBB7491172BD0B70052F0ED /* Build configuration list for PBXNativeTarget "demo" */ = {
			isa = XCConfigurationList;
			buildConfigurations = (
				8DBB748D172BD0B70052F0ED /* Debug */,
				8DBB748E172BD0B70052F0ED /* Release */,
			);
			defaultConfigurationIsVisible = 0;
			defaultConfigurationName = Release;
		};
		8DD88ADC172F7811006DCFA8 /* Build configuration list for PBXNativeTarget "test" */ = {
			isa = XCConfigurationList;
			buildConfigurations = (
				8DD88ADD172F7811006DCFA8 /* Debug */,
				8DD88ADE172F7811006DCFA8 /* Release */,
			);
			defaultConfigurationIsVisible = 0;
			defaultConfigurationName = Release;
		};
/* End XCConfigurationList section */
	};
	rootObject = 8D8CA148172BC9B400652CC1 /* Project object */;
}
